// !$*UTF8*$!
{
	archiveVersion = 1;
	classes = {
	};
	objectVersion = 77;
	objects = {

/* Begin PBXBuildFile section */
		DEAC798D2DE4322800D05E9C /* WatchKit.framework in Frameworks */ = {isa = PBXBuildFile; fileRef = DEAC798C2DE4322800D05E9C /* WatchKit.framework */; };
		DEF2D7C22DE331DF0027B483 /* gemini-watch-os Watch App.app in Embed Watch Content */ = {isa = PBXBuildFile; fileRef = DEF2D7C12DE331DF0027B483 /* gemini-watch-os Watch App.app */; settings = {ATTRIBUTES = (RemoveHeadersOnCopy, ); }; };
/* End PBXBuildFile section */

/* Begin PBXContainerItemProxy section */
		DEF2D7C32DE331DF0027B483 /* PBXContainerItemProxy */ = {
			isa = PBXContainerItemProxy;
			containerPortal = DEF2D7B52DE331DF0027B483 /* Project object */;
			proxyType = 1;
			remoteGlobalIDString = DEF2D7C02DE331DF0027B483;
			remoteInfo = "gemini-watch-os Watch App";
		};
/* End PBXContainerItemProxy section */

/* Begin PBXCopyFilesBuildPhase section */
		DEF2D7D12DE331E00027B483 /* Embed Watch Content */ = {
			isa = PBXCopyFilesBuildPhase;
			buildActionMask = 2147483647;
			dstPath = "$(CONTENTS_FOLDER_PATH)/Watch";
			dstSubfolderSpec = 16;
			files = (
				DEF2D7C22DE331DF0027B483 /* gemini-watch-os Watch App.app in Embed Watch Content */,
			);
			name = "Embed Watch Content";
			runOnlyForDeploymentPostprocessing = 0;
		};
/* End PBXCopyFilesBuildPhase section */

/* Begin PBXFileReference section */
		DEAC798C2DE4322800D05E9C /* WatchKit.framework */ = {isa = PBXFileReference; lastKnownFileType = wrapper.framework; name = WatchKit.framework; path = Platforms/WatchOS.platform/Developer/SDKs/WatchOS11.5.sdk/System/Library/Frameworks/WatchKit.framework; sourceTree = DEVELOPER_DIR; };
		DEF2D7BB2DE331DF0027B483 /* gemini-watch-os.app */ = {isa = PBXFileReference; explicitFileType = wrapper.application; includeInIndex = 0; path = "gemini-watch-os.app"; sourceTree = BUILT_PRODUCTS_DIR; };
		DEF2D7C12DE331DF0027B483 /* gemini-watch-os Watch App.app */ = {isa = PBXFileReference; explicitFileType = wrapper.application; includeInIndex = 0; path = "gemini-watch-os Watch App.app"; sourceTree = BUILT_PRODUCTS_DIR; };
/* End PBXFileReference section */

/* Begin PBXFileSystemSynchronizedRootGroup section */
		DEF2D7C52DE331DF0027B483 /* gemini-watch-os Watch App */ = {
			isa = PBXFileSystemSynchronizedRootGroup;
			path = "gemini-watch-os Watch App";
			sourceTree = "<group>";
		};
/* End PBXFileSystemSynchronizedRootGroup section */

/* Begin PBXFrameworksBuildPhase section */
		DEF2D7BE2DE331DF0027B483 /* Frameworks */ = {
			isa = PBXFrameworksBuildPhase;
			buildActionMask = 2147483647;
			files = (
				DEAC798D2DE4322800D05E9C /* WatchKit.framework in Frameworks */,
			);
			runOnlyForDeploymentPostprocessing = 0;
		};
/* End PBXFrameworksBuildPhase section */

/* Begin PBXGroup section */
		DEAC798B2DE4322800D05E9C /* Frameworks */ = {
			isa = PBXGroup;
			children = (
				DEAC798C2DE4322800D05E9C /* WatchKit.framework */,
			);
			name = Frameworks;
			sourceTree = "<group>";
		};
		DEF2D7B42DE331DF0027B483 = {
			isa = PBXGroup;
			children = (
				DEF2D7C52DE331DF0027B483 /* gemini-watch-os Watch App */,
				DEAC798B2DE4322800D05E9C /* Frameworks */,
				DEF2D7BC2DE331DF0027B483 /* Products */,
			);
			sourceTree = "<group>";
		};
		DEF2D7BC2DE331DF0027B483 /* Products */ = {
			isa = PBXGroup;
			children = (
				DEF2D7BB2DE331DF0027B483 /* gemini-watch-os.app */,
				DEF2D7C12DE331DF0027B483 /* gemini-watch-os Watch App.app */,
			);
			name = Products;
			sourceTree = "<group>";
		};
/* End PBXGroup section */

/* Begin PBXNativeTarget section */
		DEF2D7BA2DE331DF0027B483 /* gemini-watch-os */ = {
			isa = PBXNativeTarget;
			buildConfigurationList = DEF2D7D22DE331E00027B483 /* Build configuration list for PBXNativeTarget "gemini-watch-os" */;
			buildPhases = (
				DEF2D7B92DE331DF0027B483 /* Resources */,
				DEF2D7D12DE331E00027B483 /* Embed Watch Content */,
			);
			buildRules = (
			);
			dependencies = (
				DEF2D7C42DE331DF0027B483 /* PBXTargetDependency */,
			);
			name = "gemini-watch-os";
			packageProductDependencies = (
			);
			productName = "gemini-watch-os";
			productReference = DEF2D7BB2DE331DF0027B483 /* gemini-watch-os.app */;
			productType = "com.apple.product-type.application.watchapp2-container";
		};
		DEF2D7C02DE331DF0027B483 /* gemini-watch-os Watch App */ = {
			isa = PBXNativeTarget;
			buildConfigurationList = DEF2D7CE2DE331E00027B483 /* Build configuration list for PBXNativeTarget "gemini-watch-os Watch App" */;
			buildPhases = (
				DEF2D7BD2DE331DF0027B483 /* Sources */,
				DEF2D7BE2DE331DF0027B483 /* Frameworks */,
				DEF2D7BF2DE331DF0027B483 /* Resources */,
			);
			buildRules = (
			);
			dependencies = (
			);
			fileSystemSynchronizedGroups = (
				DEF2D7C52DE331DF0027B483 /* gemini-watch-os Watch App */,
			);
			name = "gemini-watch-os Watch App";
			packageProductDependencies = (
			);
			productName = "gemini-watch-os Watch App";
			productReference = DEF2D7C12DE331DF0027B483 /* gemini-watch-os Watch App.app */;
			productType = "com.apple.product-type.application";
		};
/* End PBXNativeTarget section */

/* Begin PBXProject section */
		DEF2D7B52DE331DF0027B483 /* Project object */ = {
			isa = PBXProject;
			attributes = {
				BuildIndependentTargetsInParallel = 1;
				LastSwiftUpdateCheck = 1640;
				LastUpgradeCheck = 1640;
				TargetAttributes = {
					DEF2D7BA2DE331DF0027B483 = {
						CreatedOnToolsVersion = 16.4;
					};
					DEF2D7C02DE331DF0027B483 = {
						CreatedOnToolsVersion = 16.4;
					};
				};
			};
			buildConfigurationList = DEF2D7B82DE331DF0027B483 /* Build configuration list for PBXProject "gemini-watch-os" */;
			developmentRegion = en;
			hasScannedForEncodings = 0;
			knownRegions = (
				en,
				Base,
			);
			mainGroup = DEF2D7B42DE331DF0027B483;
			minimizedProjectReferenceProxies = 1;
			preferredProjectObjectVersion = 77;
			productRefGroup = DEF2D7BC2DE331DF0027B483 /* Products */;
			projectDirPath = "";
			projectRoot = "";
			targets = (
				DEF2D7BA2DE331DF0027B483 /* gemini-watch-os */,
				DEF2D7C02DE331DF0027B483 /* gemini-watch-os Watch App */,
			);
		};
/* End PBXProject section */

/* Begin PBXResourcesBuildPhase section */
		DEF2D7B92DE331DF0027B483 /* Resources */ = {
			isa = PBXResourcesBuildPhase;
			buildActionMask = 2147483647;
			files = (
			);
			runOnlyForDeploymentPostprocessing = 0;
		};
		DEF2D7BF2DE331DF0027B483 /* Resources */ = {
			isa = PBXResourcesBuildPhase;
			buildActionMask = 2147483647;
			files = (
			);
			runOnlyForDeploymentPostprocessing = 0;
		};
/* End PBXResourcesBuildPhase section */

/* Begin PBXSourcesBuildPhase section */
		DEF2D7BD2DE331DF0027B483 /* Sources */ = {
			isa = PBXSourcesBuildPhase;
			buildActionMask = 2147483647;
			files = (
			);
			runOnlyForDeploymentPostprocessing = 0;
		};
/* End PBXSourcesBuildPhase section */

/* Begin PBXTargetDependency section */
		DEF2D7C42DE331DF0027B483 /* PBXTargetDependency */ = {
			isa = PBXTargetDependency;
			target = DEF2D7C02DE331DF0027B483 /* gemini-watch-os Watch App */;
			targetProxy = DEF2D7C32DE331DF0027B483 /* PBXContainerItemProxy */;
		};
/* End PBXTargetDependency section */

/* Begin XCBuildConfiguration section */
		DEF2D7CC2DE331E00027B483 /* Debug */ = {
			isa = XCBuildConfiguration;
			buildSettings = {
				ALWAYS_SEARCH_USER_PATHS = NO;
				ASSETCATALOG_COMPILER_GENERATE_SWIFT_ASSET_SYMBOL_EXTENSIONS = YES;
				CLANG_ANALYZER_NONNULL = YES;
				CLANG_ANALYZER_NUMBER_OBJECT_CONVERSION = YES_AGGRESSIVE;
				CLANG_CXX_LANGUAGE_STANDARD = "gnu++20";
				CLANG_ENABLE_MODULES = YES;
				CLANG_ENABLE_OBJC_ARC = YES;
				CLANG_ENABLE_OBJC_WEAK = YES;
				CLANG_WARN_BLOCK_CAPTURE_AUTORELEASING = YES;
				CLANG_WARN_BOOL_CONVERSION = YES;
				CLANG_WARN_COMMA = YES;
				CLANG_WARN_CONSTANT_CONVERSION = YES;
				CLANG_WARN_DEPRECATED_OBJC_IMPLEMENTATIONS = YES;
				CLANG_WARN_DIRECT_OBJC_ISA_USAGE = YES_ERROR;
				CLANG_WARN_DOCUMENTATION_COMMENTS = YES;
				CLANG_WARN_EMPTY_BODY = YES;
				CLANG_WARN_ENUM_CONVERSION = YES;
				CLANG_WARN_INFINITE_RECURSION = YES;
				CLANG_WARN_INT_CONVERSION = YES;
				CLANG_WARN_NON_LITERAL_NULL_CONVERSION = YES;
				CLANG_WARN_OBJC_IMPLICIT_RETAIN_SELF = YES;
				CLANG_WARN_OBJC_LITERAL_CONVERSION = YES;
				CLANG_WARN_OBJC_ROOT_CLASS = YES_ERROR;
				CLANG_WARN_QUOTED_INCLUDE_IN_FRAMEWORK_HEADER = YES;
				CLANG_WARN_RANGE_LOOP_ANALYSIS = YES;
				CLANG_WARN_STRICT_PROTOTYPES = YES;
				CLANG_WARN_SUSPICIOUS_MOVE = YES;
				CLANG_WARN_UNGUARDED_AVAILABILITY = YES_AGGRESSIVE;
				CLANG_WARN_UNREACHABLE_CODE = YES;
				CLANG_WARN__DUPLICATE_METHOD_MATCH = YES;
				COPY_PHASE_STRIP = NO;
				DEBUG_INFORMATION_FORMAT = dwarf;
				DEVELOPMENT_TEAM = 4LU5M2K424;
				ENABLE_STRICT_OBJC_MSGSEND = YES;
				ENABLE_TESTABILITY = YES;
				ENABLE_USER_SCRIPT_SANDBOXING = YES;
				GCC_C_LANGUAGE_STANDARD = gnu17;
				GCC_DYNAMIC_NO_PIC = NO;
				GCC_NO_COMMON_BLOCKS = YES;
				GCC_OPTIMIZATION_LEVEL = 0;
				GCC_PREPROCESSOR_DEFINITIONS = (
					"DEBUG=1",
					"$(inherited)",
				);
				GCC_WARN_64_TO_32_BIT_CONVERSION = YES;
				GCC_WARN_ABOUT_RETURN_TYPE = YES_ERROR;
				GCC_WARN_UNDECLARED_SELECTOR = YES;
				GCC_WARN_UNINITIALIZED_AUTOS = YES_AGGRESSIVE;
				GCC_WARN_UNUSED_FUNCTION = YES;
				GCC_WARN_UNUSED_VARIABLE = YES;
				LOCALIZATION_PREFERS_STRING_CATALOGS = YES;
				MTL_ENABLE_DEBUG_INFO = INCLUDE_SOURCE;
				MTL_FAST_MATH = YES;
				ONLY_ACTIVE_ARCH = YES;
				SWIFT_ACTIVE_COMPILATION_CONDITIONS = "DEBUG $(inherited)";
				SWIFT_OPTIMIZATION_LEVEL = "-Onone";
			};
			name = Debug;
		};
		DEF2D7CD2DE331E00027B483 /* Release */ = {
			isa = XCBuildConfiguration;
			buildSettings = {
				ALWAYS_SEARCH_USER_PATHS = NO;
				ASSETCATALOG_COMPILER_GENERATE_SWIFT_ASSET_SYMBOL_EXTENSIONS = YES;
				CLANG_ANALYZER_NONNULL = YES;
				CLANG_ANALYZER_NUMBER_OBJECT_CONVERSION = YES_AGGRESSIVE;
				CLANG_CXX_LANGUAGE_STANDARD = "gnu++20";
				CLANG_ENABLE_MODULES = YES;
				CLANG_ENABLE_OBJC_ARC = YES;
				CLANG_ENABLE_OBJC_WEAK = YES;
				CLANG_WARN_BLOCK_CAPTURE_AUTORELEASING = YES;
				CLANG_WARN_BOOL_CONVERSION = YES;
				CLANG_WARN_COMMA = YES;
				CLANG_WARN_CONSTANT_CONVERSION = YES;
				CLANG_WARN_DEPRECATED_OBJC_IMPLEMENTATIONS = YES;
				CLANG_WARN_DIRECT_OBJC_ISA_USAGE = YES_ERROR;
				CLANG_WARN_DOCUMENTATION_COMMENTS = YES;
				CLANG_WARN_EMPTY_BODY = YES;
				CLANG_WARN_ENUM_CONVERSION = YES;
				CLANG_WARN_INFINITE_RECURSION = YES;
				CLANG_WARN_INT_CONVERSION = YES;
				CLANG_WARN_NON_LITERAL_NULL_CONVERSION = YES;
				CLANG_WARN_OBJC_IMPLICIT_RETAIN_SELF = YES;
				CLANG_WARN_OBJC_LITERAL_CONVERSION = YES;
				CLANG_WARN_OBJC_ROOT_CLASS = YES_ERROR;
				CLANG_WARN_QUOTED_INCLUDE_IN_FRAMEWORK_HEADER = YES;
				CLANG_WARN_RANGE_LOOP_ANALYSIS = YES;
				CLANG_WARN_STRICT_PROTOTYPES = YES;
				CLANG_WARN_SUSPICIOUS_MOVE = YES;
				CLANG_WARN_UNGUARDED_AVAILABILITY = YES_AGGRESSIVE;
				CLANG_WARN_UNREACHABLE_CODE = YES;
				CLANG_WARN__DUPLICATE_METHOD_MATCH = YES;
				COPY_PHASE_STRIP = NO;
				DEBUG_INFORMATION_FORMAT = "dwarf-with-dsym";
				DEVELOPMENT_TEAM = 4LU5M2K424;
				ENABLE_NS_ASSERTIONS = NO;
				ENABLE_STRICT_OBJC_MSGSEND = YES;
				ENABLE_USER_SCRIPT_SANDBOXING = YES;
				GCC_C_LANGUAGE_STANDARD = gnu17;
				GCC_NO_COMMON_BLOCKS = YES;
				GCC_WARN_64_TO_32_BIT_CONVERSION = YES;
				GCC_WARN_ABOUT_RETURN_TYPE = YES_ERROR;
				GCC_WARN_UNDECLARED_SELECTOR = YES;
				GCC_WARN_UNINITIALIZED_AUTOS = YES_AGGRESSIVE;
				GCC_WARN_UNUSED_FUNCTION = YES;
				GCC_WARN_UNUSED_VARIABLE = YES;
				LOCALIZATION_PREFERS_STRING_CATALOGS = YES;
				MTL_ENABLE_DEBUG_INFO = NO;
				MTL_FAST_MATH = YES;
				SWIFT_COMPILATION_MODE = wholemodule;
			};
			name = Release;
		};
		DEF2D7CF2DE331E00027B483 /* Debug */ = {
			isa = XCBuildConfiguration;
			buildSettings = {
				ASSETCATALOG_COMPILER_APPICON_NAME = AppIcon;
				ASSETCATALOG_COMPILER_GLOBAL_ACCENT_COLOR_NAME = AccentColor;
				CODE_SIGN_STYLE = Automatic;
				CURRENT_PROJECT_VERSION = 1;
				DEVELOPMENT_TEAM = 4LU5M2K424;
				ENABLE_PREVIEWS = YES;
				GENERATE_INFOPLIST_FILE = YES;
				INFOPLIST_KEY_CFBundleDisplayName = "gemini-watch-os";
				INFOPLIST_KEY_UISupportedInterfaceOrientations = "UIInterfaceOrientationPortrait UIInterfaceOrientationPortraitUpsideDown";
				INFOPLIST_KEY_WKWatchOnly = YES;
				LD_RUNPATH_SEARCH_PATHS = (
					"$(inherited)",
					"@executable_path/Frameworks",
				);
				MARKETING_VERSION = 1.0;
				PRODUCT_BUNDLE_IDENTIFIER = "WLEnterprise.gemini-watch-os.watchkitapp";
				PRODUCT_NAME = "$(TARGET_NAME)";
				SDKROOT = watchos;
				SKIP_INSTALL = YES;
				SWIFT_EMIT_LOC_STRINGS = YES;
				SWIFT_VERSION = 5.0;
				TARGETED_DEVICE_FAMILY = 4;
				WATCHOS_DEPLOYMENT_TARGET = 11.0;
			};
			name = Debug;
		};
		DEF2D7D02DE331E00027B483 /* Release */ = {
			isa = XCBuildConfiguration;
			buildSettings = {
				ASSETCATALOG_COMPILER_APPICON_NAME = AppIcon;
				ASSETCATALOG_COMPILER_GLOBAL_ACCENT_COLOR_NAME = AccentColor;
				CODE_SIGN_STYLE = Automatic;
				CURRENT_PROJECT_VERSION = 1;
				DEVELOPMENT_TEAM = 4LU5M2K424;
				ENABLE_PREVIEWS = YES;
				GENERATE_INFOPLIST_FILE = YES;
				INFOPLIST_KEY_CFBundleDisplayName = "gemini-watch-os";
				INFOPLIST_KEY_UISupportedInterfaceOrientations = "UIInterfaceOrientationPortrait UIInterfaceOrientationPortraitUpsideDown";
				INFOPLIST_KEY_WKWatchOnly = YES;
				LD_RUNPATH_SEARCH_PATHS = (
					"$(inherited)",
					"@executable_path/Frameworks",
				);
				MARKETING_VERSION = 1.0;
				PRODUCT_BUNDLE_IDENTIFIER = "WLEnterprise.gemini-watch-os.watchkitapp";
				PRODUCT_NAME = "$(TARGET_NAME)";
				SDKROOT = watchos;
				SKIP_INSTALL = YES;
				SWIFT_EMIT_LOC_STRINGS = YES;
				SWIFT_VERSION = 5.0;
				TARGETED_DEVICE_FAMILY = 4;
				VALIDATE_PRODUCT = YES;
				WATCHOS_DEPLOYMENT_TARGET = 11.0;
			};
			name = Release;
		};
		DEF2D7D32DE331E00027B483 /* Debug */ = {
			isa = XCBuildConfiguration;
			buildSettings = {
				CODE_SIGN_STYLE = Automatic;
				CURRENT_PROJECT_VERSION = 1;
				DEVELOPMENT_TEAM = 4LU5M2K424;
				INFOPLIST_KEY_CFBundleDisplayName = "gemini-watch-os";
				MARKETING_VERSION = 1.0;
				PRODUCT_BUNDLE_IDENTIFIER = "WLEnterprise.gemini-watch-os";
				PRODUCT_NAME = "$(TARGET_NAME)";
				SDKROOT = iphoneos;
				SWIFT_VERSION = 5.0;
			};
			name = Debug;
		};
		DEF2D7D42DE331E00027B483 /* Release */ = {
			isa = XCBuildConfiguration;
			buildSettings = {
				CODE_SIGN_STYLE = Automatic;
				CURRENT_PROJECT_VERSION = 1;
				DEVELOPMENT_TEAM = 4LU5M2K424;
				INFOPLIST_KEY_CFBundleDisplayName = "gemini-watch-os";
				MARKETING_VERSION = 1.0;
				PRODUCT_BUNDLE_IDENTIFIER = "WLEnterprise.gemini-watch-os";
				PRODUCT_NAME = "$(TARGET_NAME)";
				SDKROOT = iphoneos;
				SWIFT_VERSION = 5.0;
				VALIDATE_PRODUCT = YES;
			};
			name = Release;
		};
/* End XCBuildConfiguration section */

/* Begin XCConfigurationList section */
		DEF2D7B82DE331DF0027B483 /* Build configuration list for PBXProject "gemini-watch-os" */ = {
			isa = XCConfigurationList;
			buildConfigurations = (
				DEF2D7CC2DE331E00027B483 /* Debug */,
				DEF2D7CD2DE331E00027B483 /* Release */,
			);
			defaultConfigurationIsVisible = 0;
			defaultConfigurationName = Release;
		};
		DEF2D7CE2DE331E00027B483 /* Build configuration list for PBXNativeTarget "gemini-watch-os Watch App" */ = {
			isa = XCConfigurationList;
			buildConfigurations = (
				DEF2D7CF2DE331E00027B483 /* Debug */,
				DEF2D7D02DE331E00027B483 /* Release */,
			);
			defaultConfigurationIsVisible = 0;
			defaultConfigurationName = Release;
		};
		DEF2D7D22DE331E00027B483 /* Build configuration list for PBXNativeTarget "gemini-watch-os" */ = {
			isa = XCConfigurationList;
			buildConfigurations = (
				DEF2D7D32DE331E00027B483 /* Debug */,
				DEF2D7D42DE331E00027B483 /* Release */,
			);
			defaultConfigurationIsVisible = 0;
			defaultConfigurationName = Release;
		};
/* End XCConfigurationList section */
	};
	rootObject = DEF2D7B52DE331DF0027B483 /* Project object */;
}
